
Microsoft Visual Studio Solution File, Format Version 12.00
# Visual Studio Version 16
VisualStudioVersion = 16.0.35325.158
MinimumVisualStudioVersion = 10.0.40219.1
Project("{FAE04EC0-301F-11D3-BF4B-00C04F79EFBC}") = "DataTypes_And_Operators", "DataTypes_And_Operators.csproj", "{A782F1E3-2071-47B5-86FC-82BA24801250}"
EndProject
Global
	GlobalSection(SolutionConfigurationPlatforms) = preSolution
		Debug|Any CPU = Debug|Any CPU
		Release|Any CPU = Release|Any CPU
	EndGlobalSection
	GlobalSection(ProjectConfigurationPlatforms) = postSolution
		{A782F1E3-2071-47B5-86FC-82BA24801250}.Debug|Any CPU.ActiveCfg = Debug|Any CPU
		{A782F1E3-2071-47B5-86FC-82BA24801250}.Debug|Any CPU.Build.0 = Debug|Any CPU
		{A782F1E3-2071-47B5-86FC-82BA24801250}.Release|Any CPU.ActiveCfg = Release|Any CPU
		{A782F1E3-2071-47B5-86FC-82BA24801250}.Release|Any CPU.Build.0 = Release|Any CPU
	EndGlobalSection
	GlobalSection(SolutionProperties) = preSolution
		HideSolutionNode = FALSE
	EndGlobalSection
	GlobalSection(ExtensibilityGlobals) = postSolution
		SolutionGuid = {043507AD-C58A-4C84-871D-D797092FC9FA}
	EndGlobalSection
EndGlobal
